
Microsoft Visual Studio Solution File, Format Version 12.00
# Visual Studio Version 17
VisualStudioVersion = 17.3.32811.315
MinimumVisualStudioVersion = 10.0.40219.1
Project("{9A19103F-16F7-4668-BE54-9A1E7A4F7556}") = "R4iny.Desk.Library", "R4iny.Desk.Library\R4iny.Desk.Library.csproj", "{CAA0B62A-047F-4892-AF6A-7CAF36B84091}"
EndProject
Project("{9A19103F-16F7-4668-BE54-9A1E7A4F7556}") = "R4iny.Desk.Library.Test", "R4iny.Desk.Library.Test\R4iny.Desk.Library.Test.csproj", "{20617022-FDF3-47BB-904D-A5BAC6469E54}"
EndProject
Project("{9A19103F-16F7-4668-BE54-9A1E7A4F7556}") = "R4iny.Desk.Gui", "R4iny.Desk.Gui\R4iny.Desk.Gui.csproj", "{56BCC949-51AE-4A81-8CCB-15F47A7A8CC9}"
EndProject
Project("{9A19103F-16F7-4668-BE54-9A1E7A4F7556}") = "R4iny.Desk.Cli", "R4iny.Desk.Cli\R4iny.Desk.Cli.csproj", "{4C9A2CD1-C268-4AC4-979F-23219774B7B0}"
EndProject
Project("{9A19103F-16F7-4668-BE54-9A1E7A4F7556}") = "R4iny.Library.Gui", "R4iny.Library.Gui\R4iny.Library.Gui.csproj", "{748878E1-30DA-4382-85EB-5BEFAE4FB7AB}"
EndProject
Global
	GlobalSection(SolutionConfigurationPlatforms) = preSolution
		Debug|Any CPU = Debug|Any CPU
		Release|Any CPU = Release|Any CPU
	EndGlobalSection
	GlobalSection(ProjectConfigurationPlatforms) = postSolution
		{CAA0B62A-047F-4892-AF6A-7CAF36B84091}.Debug|Any CPU.ActiveCfg = Debug|Any CPU
		{CAA0B62A-047F-4892-AF6A-7CAF36B84091}.Debug|Any CPU.Build.0 = Debug|Any CPU
		{CAA0B62A-047F-4892-AF6A-7CAF36B84091}.Release|Any CPU.ActiveCfg = Release|Any CPU
		{CAA0B62A-047F-4892-AF6A-7CAF36B84091}.Release|Any CPU.Build.0 = Release|Any CPU
		{20617022-FDF3-47BB-904D-A5BAC6469E54}.Debug|Any CPU.ActiveCfg = Debug|Any CPU
		{20617022-FDF3-47BB-904D-A5BAC6469E54}.Debug|Any CPU.Build.0 = Debug|Any CPU
		{20617022-FDF3-47BB-904D-A5BAC6469E54}.Release|Any CPU.ActiveCfg = Release|Any CPU
		{20617022-FDF3-47BB-904D-A5BAC6469E54}.Release|Any CPU.Build.0 = Release|Any CPU
		{56BCC949-51AE-4A81-8CCB-15F47A7A8CC9}.Debug|Any CPU.ActiveCfg = Debug|Any CPU
		{56BCC949-51AE-4A81-8CCB-15F47A7A8CC9}.Debug|Any CPU.Build.0 = Debug|Any CPU
		{56BCC949-51AE-4A81-8CCB-15F47A7A8CC9}.Release|Any CPU.ActiveCfg = Release|Any CPU
		{56BCC949-51AE-4A81-8CCB-15F47A7A8CC9}.Release|Any CPU.Build.0 = Release|Any CPU
		{4C9A2CD1-C268-4AC4-979F-23219774B7B0}.Debug|Any CPU.ActiveCfg = Debug|Any CPU
		{4C9A2CD1-C268-4AC4-979F-23219774B7B0}.Debug|Any CPU.Build.0 = Debug|Any CPU
		{4C9A2CD1-C268-4AC4-979F-23219774B7B0}.Release|Any CPU.ActiveCfg = Release|Any CPU
		{4C9A2CD1-C268-4AC4-979F-23219774B7B0}.Release|Any CPU.Build.0 = Release|Any CPU
		{748878E1-30DA-4382-85EB-5BEFAE4FB7AB}.Debug|Any CPU.ActiveCfg = Debug|Any CPU
		{748878E1-30DA-4382-85EB-5BEFAE4FB7AB}.Debug|Any CPU.Build.0 = Debug|Any CPU
		{748878E1-30DA-4382-85EB-5BEFAE4FB7AB}.Release|Any CPU.ActiveCfg = Release|Any CPU
		{748878E1-30DA-4382-85EB-5BEFAE4FB7AB}.Release|Any CPU.Build.0 = Release|Any CPU
	EndGlobalSection
	GlobalSection(SolutionProperties) = preSolution
		HideSolutionNode = FALSE
	EndGlobalSection
	GlobalSection(ExtensibilityGlobals) = postSolution
		SolutionGuid = {0DD2FA78-0745-4273-8F5E-68E72D3044A1}
	EndGlobalSection
EndGlobal
